// !$*UTF8*$!
{
	archiveVersion = 1;
	classes = {
	};
	objectVersion = 50;
	objects = {

/* Begin PBXBuildFile section */
		18BECD6625D28E8800BBA0C9 /* AppDelegate.swift in Sources */ = {isa = PBXBuildFile; fileRef = 18BECD6525D28E8800BBA0C9 /* AppDelegate.swift */; };
		18BECD6825D28E8800BBA0C9 /* SceneDelegate.swift in Sources */ = {isa = PBXBuildFile; fileRef = 18BECD6725D28E8800BBA0C9 /* SceneDelegate.swift */; };
		18BECD6A25D28E8800BBA0C9 /* ViewController.swift in Sources */ = {isa = PBXBuildFile; fileRef = 18BECD6925D28E8800BBA0C9 /* ViewController.swift */; };
		18BECD6D25D28E8800BBA0C9 /* Main.storyboard in Resources */ = {isa = PBXBuildFile; fileRef = 18BECD6B25D28E8800BBA0C9 /* Main.storyboard */; };
		18BECD6F25D28E8800BBA0C9 /* Assets.xcassets in Resources */ = {isa = PBXBuildFile; fileRef = 18BECD6E25D28E8800BBA0C9 /* Assets.xcassets */; };
		18BECD7225D28E8800BBA0C9 /* LaunchScreen.storyboard in Resources */ = {isa = PBXBuildFile; fileRef = 18BECD7025D28E8800BBA0C9 /* LaunchScreen.storyboard */; };
		18BECD7B25D28FAE00BBA0C9 /* FirstViewController.swift in Sources */ = {isa = PBXBuildFile; fileRef = 18BECD7A25D28FAE00BBA0C9 /* FirstViewController.swift */; };
		18BECD7E25D2971400BBA0C9 /* SecondViewController.swift in Sources */ = {isa = PBXBuildFile; fileRef = 18BECD7D25D2971400BBA0C9 /* SecondViewController.swift */; };
/* End PBXBuildFile section */

/* Begin PBXFileReference section */
		18BECD6225D28E8800BBA0C9 /* Delegation&Protocols.app */ = {isa = PBXFileReference; explicitFileType = wrapper.application; includeInIndex = 0; path = "Delegation&Protocols.app"; sourceTree = BUILT_PRODUCTS_DIR; };
		18BECD6525D28E8800BBA0C9 /* AppDelegate.swift */ = {isa = PBXFileReference; lastKnownFileType = sourcecode.swift; path = AppDelegate.swift; sourceTree = "<group>"; };
		18BECD6725D28E8800BBA0C9 /* SceneDelegate.swift */ = {isa = PBXFileReference; lastKnownFileType = sourcecode.swift; path = SceneDelegate.swift; sourceTree = "<group>"; };
		18BECD6925D28E8800BBA0C9 /* ViewController.swift */ = {isa = PBXFileReference; lastKnownFileType = sourcecode.swift; path = ViewController.swift; sourceTree = "<group>"; };
		18BECD6C25D28E8800BBA0C9 /* Base */ = {isa = PBXFileReference; lastKnownFileType = file.storyboard; name = Base; path = Base.lproj/Main.storyboard; sourceTree = "<group>"; };
		18BECD6E25D28E8800BBA0C9 /* Assets.xcassets */ = {isa = PBXFileReference; lastKnownFileType = folder.assetcatalog; path = Assets.xcassets; sourceTree = "<group>"; };
		18BECD7125D28E8800BBA0C9 /* Base */ = {isa = PBXFileReference; lastKnownFileType = file.storyboard; name = Base; path = Base.lproj/LaunchScreen.storyboard; sourceTree = "<group>"; };
		18BECD7325D28E8800BBA0C9 /* Info.plist */ = {isa = PBXFileReference; lastKnownFileType = text.plist.xml; path = Info.plist; sourceTree = "<group>"; };
		18BECD7A25D28FAE00BBA0C9 /* FirstViewController.swift */ = {isa = PBXFileReference; lastKnownFileType = sourcecode.swift; path = FirstViewController.swift; sourceTree = "<group>"; };
		18BECD7D25D2971400BBA0C9 /* SecondViewController.swift */ = {isa = PBXFileReference; lastKnownFileType = sourcecode.swift; path = SecondViewController.swift; sourceTree = "<group>"; };
/* End PBXFileReference section */

/* Begin PBXFrameworksBuildPhase section */
		18BECD5F25D28E8800BBA0C9 /* Frameworks */ = {
			isa = PBXFrameworksBuildPhase;
			buildActionMask = 2147483647;
			files = (
			);
			runOnlyForDeploymentPostprocessing = 0;
		};
/* End PBXFrameworksBuildPhase section */

/* Begin PBXGroup section */
		18BECD5925D28E8800BBA0C9 = {
			isa = PBXGroup;
			children = (
				18BECD6425D28E8800BBA0C9 /* Delegation&Protocols */,
			);
			sourceTree = "<group>";
		};
		18BECD6325D28E8800BBA0C9 /* Products */ = {
			isa = PBXGroup;
			children = (
				18BECD6225D28E8800BBA0C9 /* Delegation&Protocols.app */,
			);
			name = Products;
			path = ..;
			sourceTree = "<group>";
		};
		18BECD6425D28E8800BBA0C9 /* Delegation&Protocols */ = {
			isa = PBXGroup;
			children = (
				18BECD7A25D28FAE00BBA0C9 /* FirstViewController.swift */,
				18BECD7D25D2971400BBA0C9 /* SecondViewController.swift */,
				18BECD6525D28E8800BBA0C9 /* AppDelegate.swift */,
				18BECD6725D28E8800BBA0C9 /* SceneDelegate.swift */,
				18BECD6925D28E8800BBA0C9 /* ViewController.swift */,
				18BECD6B25D28E8800BBA0C9 /* Main.storyboard */,
				18BECD6E25D28E8800BBA0C9 /* Assets.xcassets */,
				18BECD7025D28E8800BBA0C9 /* LaunchScreen.storyboard */,
				18BECD7325D28E8800BBA0C9 /* Info.plist */,
				18BECD6325D28E8800BBA0C9 /* Products */,
			);
			path = "Delegation&Protocols";
			sourceTree = "<group>";
		};
/* End PBXGroup section */

/* Begin PBXNativeTarget section */
		18BECD6125D28E8800BBA0C9 /* Delegation&Protocols */ = {
			isa = PBXNativeTarget;
			buildConfigurationList = 18BECD7625D28E8800BBA0C9 /* Build configuration list for PBXNativeTarget "Delegation&Protocols" */;
			buildPhases = (
				18BECD5E25D28E8800BBA0C9 /* Sources */,
				18BECD5F25D28E8800BBA0C9 /* Frameworks */,
				18BECD6025D28E8800BBA0C9 /* Resources */,
			);
			buildRules = (
			);
			dependencies = (
			);
			name = "Delegation&Protocols";
			productName = "Delegation&Protocols";
			productReference = 18BECD6225D28E8800BBA0C9 /* Delegation&Protocols.app */;
			productType = "com.apple.product-type.application";
		};
/* End PBXNativeTarget section */

/* Begin PBXProject section */
		18BECD5A25D28E8800BBA0C9 /* Project object */ = {
			isa = PBXProject;
			attributes = {
				LastSwiftUpdateCheck = 1230;
				LastUpgradeCheck = 1230;
				TargetAttributes = {
					18BECD6125D28E8800BBA0C9 = {
						CreatedOnToolsVersion = 12.3;
					};
				};
			};
			buildConfigurationList = 18BECD5D25D28E8800BBA0C9 /* Build configuration list for PBXProject "Delegation&Protocols" */;
			compatibilityVersion = "Xcode 9.3";
			developmentRegion = en;
			hasScannedForEncodings = 0;
			knownRegions = (
				en,
				Base,
			);
			mainGroup = 18BECD5925D28E8800BBA0C9;
			productRefGroup = 18BECD6325D28E8800BBA0C9 /* Products */;
			projectDirPath = "";
			projectRoot = "";
			targets = (
				18BECD6125D28E8800BBA0C9 /* Delegation&Protocols */,
			);
		};
/* End PBXProject section */

/* Begin PBXResourcesBuildPhase section */
		18BECD6025D28E8800BBA0C9 /* Resources */ = {
			isa = PBXResourcesBuildPhase;
			buildActionMask = 2147483647;
			files = (
				18BECD7225D28E8800BBA0C9 /* LaunchScreen.storyboard in Resources */,
				18BECD6F25D28E8800BBA0C9 /* Assets.xcassets in Resources */,
				18BECD6D25D28E8800BBA0C9 /* Main.storyboard in Resources */,
			);
			runOnlyForDeploymentPostprocessing = 0;
		};
/* End PBXResourcesBuildPhase section */

/* Begin PBXSourcesBuildPhase section */
		18BECD5E25D28E8800BBA0C9 /* Sources */ = {
			isa = PBXSourcesBuildPhase;
			buildActionMask = 2147483647;
			files = (
				18BECD6A25D28E8800BBA0C9 /* ViewController.swift in Sources */,
				18BECD6625D28E8800BBA0C9 /* AppDelegate.swift in Sources */,
				18BECD6825D28E8800BBA0C9 /* SceneDelegate.swift in Sources */,
				18BECD7E25D2971400BBA0C9 /* SecondViewController.swift in Sources */,
				18BECD7B25D28FAE00BBA0C9 /* FirstViewController.swift in Sources */,
			);
			runOnlyForDeploymentPostprocessing = 0;
		};
/* End PBXSourcesBuildPhase section */

/* Begin PBXVariantGroup section */
		18BECD6B25D28E8800BBA0C9 /* Main.storyboard */ = {
			isa = PBXVariantGroup;
			children = (
				18BECD6C25D28E8800BBA0C9 /* Base */,
			);
			name = Main.storyboard;
			sourceTree = "<group>";
		};
		18BECD7025D28E8800BBA0C9 /* LaunchScreen.storyboard */ = {
			isa = PBXVariantGroup;
			children = (
				18BECD7125D28E8800BBA0C9 /* Base */,
			);
			name = LaunchScreen.storyboard;
			sourceTree = "<group>";
		};
/* End PBXVariantGroup section */

/* Begin XCBuildConfiguration section */
		18BECD7425D28E8800BBA0C9 /* Debug */ = {
			isa = XCBuildConfiguration;
			buildSettings = {
				ALWAYS_SEARCH_USER_PATHS = NO;
				CLANG_ANALYZER_NONNULL = YES;
				CLANG_ANALYZER_NUMBER_OBJECT_CONVERSION = YES_AGGRESSIVE;
				CLANG_CXX_LANGUAGE_STANDARD = "gnu++14";
				CLANG_CXX_LIBRARY = "libc++";
				CLANG_ENABLE_MODULES = YES;
				CLANG_ENABLE_OBJC_ARC = YES;
				CLANG_ENABLE_OBJC_WEAK = YES;
				CLANG_WARN_BLOCK_CAPTURE_AUTORELEASING = YES;
				CLANG_WARN_BOOL_CONVERSION = YES;
				CLANG_WARN_COMMA = YES;
				CLANG_WARN_CONSTANT_CONVERSION = YES;
				CLANG_WARN_DEPRECATED_OBJC_IMPLEMENTATIONS = YES;
				CLANG_WARN_DIRECT_OBJC_ISA_USAGE = YES_ERROR;
				CLANG_WARN_DOCUMENTATION_COMMENTS = YES;
				CLANG_WARN_EMPTY_BODY = YES;
				CLANG_WARN_ENUM_CONVERSION = YES;
				CLANG_WARN_INFINITE_RECURSION = YES;
				CLANG_WARN_INT_CONVERSION = YES;
				CLANG_WARN_NON_LITERAL_NULL_CONVERSION = YES;
				CLANG_WARN_OBJC_IMPLICIT_RETAIN_SELF = YES;
				CLANG_WARN_OBJC_LITERAL_CONVERSION = YES;
				CLANG_WARN_OBJC_ROOT_CLASS = YES_ERROR;
				CLANG_WARN_QUOTED_INCLUDE_IN_FRAMEWORK_HEADER = YES;
				CLANG_WARN_RANGE_LOOP_ANALYSIS = YES;
				CLANG_WARN_STRICT_PROTOTYPES = YES;
				CLANG_WARN_SUSPICIOUS_MOVE = YES;
				CLANG_WARN_UNGUARDED_AVAILABILITY = YES_AGGRESSIVE;
				CLANG_WARN_UNREACHABLE_CODE = YES;
				CLANG_WARN__DUPLICATE_METHOD_MATCH = YES;
				COPY_PHASE_STRIP = NO;
				DEBUG_INFORMATION_FORMAT = dwarf;
				ENABLE_STRICT_OBJC_MSGSEND = YES;
				ENABLE_TESTABILITY = YES;
				GCC_C_LANGUAGE_STANDARD = gnu11;
				GCC_DYNAMIC_NO_PIC = NO;
				GCC_NO_COMMON_BLOCKS = YES;
				GCC_OPTIMIZATION_LEVEL = 0;
				GCC_PREPROCESSOR_DEFINITIONS = (
					"DEBUG=1",
					"$(inherited)",
				);
				GCC_WARN_64_TO_32_BIT_CONVERSION = YES;
				GCC_WARN_ABOUT_RETURN_TYPE = YES_ERROR;
				GCC_WARN_UNDECLARED_SELECTOR = YES;
				GCC_WARN_UNINITIALIZED_AUTOS = YES_AGGRESSIVE;
				GCC_WARN_UNUSED_FUNCTION = YES;
				GCC_WARN_UNUSED_VARIABLE = YES;
				IPHONEOS_DEPLOYMENT_TARGET = 14.3;
				MTL_ENABLE_DEBUG_INFO = INCLUDE_SOURCE;
				MTL_FAST_MATH = YES;
				ONLY_ACTIVE_ARCH = YES;
				SDKROOT = iphoneos;
				SWIFT_ACTIVE_COMPILATION_CONDITIONS = DEBUG;
				SWIFT_OPTIMIZATION_LEVEL = "-Onone";
			};
			name = Debug;
		};
		18BECD7525D28E8800BBA0C9 /* Release */ = {
			isa = XCBuildConfiguration;
			buildSettings = {
				ALWAYS_SEARCH_USER_PATHS = NO;
				CLANG_ANALYZER_NONNULL = YES;
				CLANG_ANALYZER_NUMBER_OBJECT_CONVERSION = YES_AGGRESSIVE;
				CLANG_CXX_LANGUAGE_STANDARD = "gnu++14";
				CLANG_CXX_LIBRARY = "libc++";
				CLANG_ENABLE_MODULES = YES;
				CLANG_ENABLE_OBJC_ARC = YES;
				CLANG_ENABLE_OBJC_WEAK = YES;
				CLANG_WARN_BLOCK_CAPTURE_AUTORELEASING = YES;
				CLANG_WARN_BOOL_CONVERSION = YES;
				CLANG_WARN_COMMA = YES;
				CLANG_WARN_CONSTANT_CONVERSION = YES;
				CLANG_WARN_DEPRECATED_OBJC_IMPLEMENTATIONS = YES;
				CLANG_WARN_DIRECT_OBJC_ISA_USAGE = YES_ERROR;
				CLANG_WARN_DOCUMENTATION_COMMENTS = YES;
				CLANG_WARN_EMPTY_BODY = YES;
				CLANG_WARN_ENUM_CONVERSION = YES;
				CLANG_WARN_INFINITE_RECURSION = YES;
				CLANG_WARN_INT_CONVERSION = YES;
				CLANG_WARN_NON_LITERAL_NULL_CONVERSION = YES;
				CLANG_WARN_OBJC_IMPLICIT_RETAIN_SELF = YES;
				CLANG_WARN_OBJC_LITERAL_CONVERSION = YES;
				CLANG_WARN_OBJC_ROOT_CLASS = YES_ERROR;
				CLANG_WARN_QUOTED_INCLUDE_IN_FRAMEWORK_HEADER = YES;
				CLANG_WARN_RANGE_LOOP_ANALYSIS = YES;
				CLANG_WARN_STRICT_PROTOTYPES = YES;
				CLANG_WARN_SUSPICIOUS_MOVE = YES;
				CLANG_WARN_UNGUARDED_AVAILABILITY = YES_AGGRESSIVE;
				CLANG_WARN_UNREACHABLE_CODE = YES;
				CLANG_WARN__DUPLICATE_METHOD_MATCH = YES;
				COPY_PHASE_STRIP = NO;
				DEBUG_INFORMATION_FORMAT = "dwarf-with-dsym";
				ENABLE_NS_ASSERTIONS = NO;
				ENABLE_STRICT_OBJC_MSGSEND = YES;
				GCC_C_LANGUAGE_STANDARD = gnu11;
				GCC_NO_COMMON_BLOCKS = YES;
				GCC_WARN_64_TO_32_BIT_CONVERSION = YES;
				GCC_WARN_ABOUT_RETURN_TYPE = YES_ERROR;
				GCC_WARN_UNDECLARED_SELECTOR = YES;
				GCC_WARN_UNINITIALIZED_AUTOS = YES_AGGRESSIVE;
				GCC_WARN_UNUSED_FUNCTION = YES;
				GCC_WARN_UNUSED_VARIABLE = YES;
				IPHONEOS_DEPLOYMENT_TARGET = 14.3;
				MTL_ENABLE_DEBUG_INFO = NO;
				MTL_FAST_MATH = YES;
				SDKROOT = iphoneos;
				SWIFT_COMPILATION_MODE = wholemodule;
				SWIFT_OPTIMIZATION_LEVEL = "-O";
				VALIDATE_PRODUCT = YES;
			};
			name = Release;
		};
		18BECD7725D28E8800BBA0C9 /* Debug */ = {
			isa = XCBuildConfiguration;
			buildSettings = {
				ASSETCATALOG_COMPILER_APPICON_NAME = AppIcon;
				ASSETCATALOG_COMPILER_GLOBAL_ACCENT_COLOR_NAME = AccentColor;
				CODE_SIGN_STYLE = Automatic;
				DEVELOPMENT_TEAM = A6TXNR8TL5;
				INFOPLIST_FILE = "Delegation&Protocols/Info.plist";
				LD_RUNPATH_SEARCH_PATHS = (
					"$(inherited)",
					"@executable_path/Frameworks",
				);
				PRODUCT_BUNDLE_IDENTIFIER = "bahadirseyfi.Delegation-Protocols";
				PRODUCT_NAME = "$(TARGET_NAME)";
				SWIFT_VERSION = 5.0;
				TARGETED_DEVICE_FAMILY = "1,2";
			};
			name = Debug;
		};
		18BECD7825D28E8800BBA0C9 /* Release */ = {
			isa = XCBuildConfiguration;
			buildSettings = {
				ASSETCATALOG_COMPILER_APPICON_NAME = AppIcon;
				ASSETCATALOG_COMPILER_GLOBAL_ACCENT_COLOR_NAME = AccentColor;
				CODE_SIGN_STYLE = Automatic;
				DEVELOPMENT_TEAM = A6TXNR8TL5;
				INFOPLIST_FILE = "Delegation&Protocols/Info.plist";
				LD_RUNPATH_SEARCH_PATHS = (
					"$(inherited)",
					"@executable_path/Frameworks",
				);
				PRODUCT_BUNDLE_IDENTIFIER = "bahadirseyfi.Delegation-Protocols";
				PRODUCT_NAME = "$(TARGET_NAME)";
				SWIFT_VERSION = 5.0;
				TARGETED_DEVICE_FAMILY = "1,2";
			};
			name = Release;
		};
/* End XCBuildConfiguration section */

/* Begin XCConfigurationList section */
		18BECD5D25D28E8800BBA0C9 /* Build configuration list for PBXProject "Delegation&Protocols" */ = {
			isa = XCConfigurationList;
			buildConfigurations = (
				18BECD7425D28E8800BBA0C9 /* Debug */,
				18BECD7525D28E8800BBA0C9 /* Release */,
			);
			defaultConfigurationIsVisible = 0;
			defaultConfigurationName = Release;
		};
		18BECD7625D28E8800BBA0C9 /* Build configuration list for PBXNativeTarget "Delegation&Protocols" */ = {
			isa = XCConfigurationList;
			buildConfigurations = (
				18BECD7725D28E8800BBA0C9 /* Debug */,
				18BECD7825D28E8800BBA0C9 /* Release */,
			);
			defaultConfigurationIsVisible = 0;
			defaultConfigurationName = Release;
		};
/* End XCConfigurationList section */
	};
	rootObject = 18BECD5A25D28E8800BBA0C9 /* Project object */;
}
